
Microsoft Visual Studio Solution File, Format Version 12.00
# Visual Studio Version 17
VisualStudioVersion = 17.14.36414.22 d17.14
MinimumVisualStudioVersion = 10.0.40219.1
Project("{FAE04EC0-301F-11D3-BF4B-00C04F79EFBC}") = "nackademin24_episerver", "nackademin24_episerver.csproj", "{911A24BB-E856-45FA-BC88-23E441D6465A}"
EndProject
Global
	GlobalSection(SolutionConfigurationPlatforms) = preSolution
		Debug|Any CPU = Debug|Any CPU
		Release|Any CPU = Release|Any CPU
	EndGlobalSection
	GlobalSection(ProjectConfigurationPlatforms) = postSolution
		{911A24BB-E856-45FA-BC88-23E441D6465A}.Debug|Any CPU.ActiveCfg = Debug|Any CPU
		{911A24BB-E856-45FA-BC88-23E441D6465A}.Debug|Any CPU.Build.0 = Debug|Any CPU
		{911A24BB-E856-45FA-BC88-23E441D6465A}.Release|Any CPU.ActiveCfg = Release|Any CPU
		{911A24BB-E856-45FA-BC88-23E441D6465A}.Release|Any CPU.Build.0 = Release|Any CPU
	EndGlobalSection
	GlobalSection(SolutionProperties) = preSolution
		HideSolutionNode = FALSE
	EndGlobalSection
	GlobalSection(ExtensibilityGlobals) = postSolution
		SolutionGuid = {9D69B9DA-678F-46D4-B085-C52AD43FEC84}
	EndGlobalSection
EndGlobal
